
Microsoft Visual Studio Solution File, Format Version 12.00
# Visual Studio Version 17
VisualStudioVersion = 17.5.002.0
MinimumVisualStudioVersion = 10.0.40219.1
Project("{9A19103F-16F7-4668-BE54-9A1E7A4F7556}") = "order_tracker---iot_project", "order_tracker---iot_project.csproj", "{B90F7126-2E37-44C3-A948-4065AF63239C}"
EndProject
Global
	GlobalSection(SolutionConfigurationPlatforms) = preSolution
		Debug|Any CPU = Debug|Any CPU
		Release|Any CPU = Release|Any CPU
	EndGlobalSection
	GlobalSection(ProjectConfigurationPlatforms) = postSolution
		{B90F7126-2E37-44C3-A948-4065AF63239C}.Debug|Any CPU.ActiveCfg = Debug|Any CPU
		{B90F7126-2E37-44C3-A948-4065AF63239C}.Debug|Any CPU.Build.0 = Debug|Any CPU
		{B90F7126-2E37-44C3-A948-4065AF63239C}.Release|Any CPU.ActiveCfg = Release|Any CPU
		{B90F7126-2E37-44C3-A948-4065AF63239C}.Release|Any CPU.Build.0 = Release|Any CPU
	EndGlobalSection
	GlobalSection(SolutionProperties) = preSolution
		HideSolutionNode = FALSE
	EndGlobalSection
	GlobalSection(ExtensibilityGlobals) = postSolution
		SolutionGuid = {C54CB92B-8D53-46E6-AD79-4104E55A8A64}
	EndGlobalSection
EndGlobal
